
Microsoft Visual Studio Solution File, Format Version 12.00
# Visual Studio Version 17
VisualStudioVersion = 17.7.34009.444
MinimumVisualStudioVersion = 10.0.40219.1
Project("{FAE04EC0-301F-11D3-BF4B-00C04F79EFBC}") = "BusinessClockApi", "BusinessClockApi\BusinessClockApi.csproj", "{BA05AA44-3F93-43A8-B14E-E3F32DF92F2C}"
EndProject
Project("{FAE04EC0-301F-11D3-BF4B-00C04F79EFBC}") = "BusinessClockApi.ContractTests", "BusinessClockApi.ContractTests\BusinessClockApi.ContractTests.csproj", "{ABDCAFFF-53A2-474E-836C-01DB02C492BA}"
EndProject
Project("{FAE04EC0-301F-11D3-BF4B-00C04F79EFBC}") = "BusinessClockApi.UnitTests", "BusinessClockApi.UnitTests\BusinessClockApi.UnitTests.csproj", "{996F669A-A429-4C80-8C82-65952919E227}"
EndProject
Global
	GlobalSection(SolutionConfigurationPlatforms) = preSolution
		Debug|Any CPU = Debug|Any CPU
		Release|Any CPU = Release|Any CPU
	EndGlobalSection
	GlobalSection(ProjectConfigurationPlatforms) = postSolution
		{BA05AA44-3F93-43A8-B14E-E3F32DF92F2C}.Debug|Any CPU.ActiveCfg = Debug|Any CPU
		{BA05AA44-3F93-43A8-B14E-E3F32DF92F2C}.Debug|Any CPU.Build.0 = Debug|Any CPU
		{BA05AA44-3F93-43A8-B14E-E3F32DF92F2C}.Release|Any CPU.ActiveCfg = Release|Any CPU
		{BA05AA44-3F93-43A8-B14E-E3F32DF92F2C}.Release|Any CPU.Build.0 = Release|Any CPU
		{ABDCAFFF-53A2-474E-836C-01DB02C492BA}.Debug|Any CPU.ActiveCfg = Debug|Any CPU
		{ABDCAFFF-53A2-474E-836C-01DB02C492BA}.Debug|Any CPU.Build.0 = Debug|Any CPU
		{ABDCAFFF-53A2-474E-836C-01DB02C492BA}.Release|Any CPU.ActiveCfg = Release|Any CPU
		{ABDCAFFF-53A2-474E-836C-01DB02C492BA}.Release|Any CPU.Build.0 = Release|Any CPU
		{996F669A-A429-4C80-8C82-65952919E227}.Debug|Any CPU.ActiveCfg = Debug|Any CPU
		{996F669A-A429-4C80-8C82-65952919E227}.Debug|Any CPU.Build.0 = Debug|Any CPU
		{996F669A-A429-4C80-8C82-65952919E227}.Release|Any CPU.ActiveCfg = Release|Any CPU
		{996F669A-A429-4C80-8C82-65952919E227}.Release|Any CPU.Build.0 = Release|Any CPU
	EndGlobalSection
	GlobalSection(SolutionProperties) = preSolution
		HideSolutionNode = FALSE
	EndGlobalSection
	GlobalSection(ExtensibilityGlobals) = postSolution
		SolutionGuid = {7D21CEC6-F533-442B-B2CE-F62360E16CB3}
	EndGlobalSection
EndGlobal
